
Microsoft Visual Studio Solution File, Format Version 12.00
# Visual Studio 2013
VisualStudioVersion = 12.0.21005.1
MinimumVisualStudioVersion = 10.0.40219.1
Project("{FAE04EC0-301F-11D3-BF4B-00C04F79EFBC}") = "SchedulerTask-2.0", "SchedulerTask-2.0\SchedulerTask-2.0.csproj", "{714346A1-7F19-49FC-B592-67DB5AA7358F}"
EndProject
Project("{FAE04EC0-301F-11D3-BF4B-00C04F79EFBC}") = "Builder", "Builder\Builder.csproj", "{FC6422C1-3A74-42BC-855A-6F522375FD8C}"
EndProject
Project("{FAE04EC0-301F-11D3-BF4B-00C04F79EFBC}") = "Debugger", "Debugger\Debugger.csproj", "{A2078A78-D9BE-4FA4-B6AE-85E61E64AE8E}"
EndProject
Project("{FAE04EC0-301F-11D3-BF4B-00C04F79EFBC}") = "Test", "Test\Test.csproj", "{CC13FF60-624F-4955-8876-503D8D382AB5}"
EndProject
Project("{FAE04EC0-301F-11D3-BF4B-00C04F79EFBC}") = "BuilderConsole", "BuilderConsole\BuilderConsole.csproj", "{A1D6403A-1825-4195-B5B7-CC5083EA9D5B}"
EndProject
Project("{FAE04EC0-301F-11D3-BF4B-00C04F79EFBC}") = "DebuggerConsole", "DebuggerConsole\DebuggerConsole.csproj", "{C5776A78-06A7-469C-817E-879F6CA7161F}"
EndProject
Project("{FAE04EC0-301F-11D3-BF4B-00C04F79EFBC}") = "CommonTypes", "CommonTypes\CommonTypes.csproj", "{3B56B5E6-4596-4470-AA04-05723D68E6B2}"
EndProject
Project("{FAE04EC0-301F-11D3-BF4B-00C04F79EFBC}") = "GanttChart", "GranttChart\GanttChart.csproj", "{2CFCC481-7B35-476D-97C5-9620C84085E5}"
EndProject
Global
	GlobalSection(SolutionConfigurationPlatforms) = preSolution
		Debug|Any CPU = Debug|Any CPU
		Release|Any CPU = Release|Any CPU
	EndGlobalSection
	GlobalSection(ProjectConfigurationPlatforms) = postSolution
		{714346A1-7F19-49FC-B592-67DB5AA7358F}.Debug|Any CPU.ActiveCfg = Debug|Any CPU
		{714346A1-7F19-49FC-B592-67DB5AA7358F}.Debug|Any CPU.Build.0 = Debug|Any CPU
		{714346A1-7F19-49FC-B592-67DB5AA7358F}.Release|Any CPU.ActiveCfg = Release|Any CPU
		{714346A1-7F19-49FC-B592-67DB5AA7358F}.Release|Any CPU.Build.0 = Release|Any CPU
		{FC6422C1-3A74-42BC-855A-6F522375FD8C}.Debug|Any CPU.ActiveCfg = Debug|Any CPU
		{FC6422C1-3A74-42BC-855A-6F522375FD8C}.Debug|Any CPU.Build.0 = Debug|Any CPU
		{FC6422C1-3A74-42BC-855A-6F522375FD8C}.Release|Any CPU.ActiveCfg = Release|Any CPU
		{FC6422C1-3A74-42BC-855A-6F522375FD8C}.Release|Any CPU.Build.0 = Release|Any CPU
		{A2078A78-D9BE-4FA4-B6AE-85E61E64AE8E}.Debug|Any CPU.ActiveCfg = Debug|Any CPU
		{A2078A78-D9BE-4FA4-B6AE-85E61E64AE8E}.Debug|Any CPU.Build.0 = Debug|Any CPU
		{A2078A78-D9BE-4FA4-B6AE-85E61E64AE8E}.Release|Any CPU.ActiveCfg = Release|Any CPU
		{A2078A78-D9BE-4FA4-B6AE-85E61E64AE8E}.Release|Any CPU.Build.0 = Release|Any CPU
		{CC13FF60-624F-4955-8876-503D8D382AB5}.Debug|Any CPU.ActiveCfg = Debug|Any CPU
		{CC13FF60-624F-4955-8876-503D8D382AB5}.Debug|Any CPU.Build.0 = Debug|Any CPU
		{CC13FF60-624F-4955-8876-503D8D382AB5}.Release|Any CPU.ActiveCfg = Release|Any CPU
		{CC13FF60-624F-4955-8876-503D8D382AB5}.Release|Any CPU.Build.0 = Release|Any CPU
		{A1D6403A-1825-4195-B5B7-CC5083EA9D5B}.Debug|Any CPU.ActiveCfg = Debug|Any CPU
		{A1D6403A-1825-4195-B5B7-CC5083EA9D5B}.Debug|Any CPU.Build.0 = Debug|Any CPU
		{A1D6403A-1825-4195-B5B7-CC5083EA9D5B}.Release|Any CPU.ActiveCfg = Release|Any CPU
		{A1D6403A-1825-4195-B5B7-CC5083EA9D5B}.Release|Any CPU.Build.0 = Release|Any CPU
		{C5776A78-06A7-469C-817E-879F6CA7161F}.Debug|Any CPU.ActiveCfg = Debug|Any CPU
		{C5776A78-06A7-469C-817E-879F6CA7161F}.Debug|Any CPU.Build.0 = Debug|Any CPU
		{C5776A78-06A7-469C-817E-879F6CA7161F}.Release|Any CPU.ActiveCfg = Release|Any CPU
		{C5776A78-06A7-469C-817E-879F6CA7161F}.Release|Any CPU.Build.0 = Release|Any CPU
		{3B56B5E6-4596-4470-AA04-05723D68E6B2}.Debug|Any CPU.ActiveCfg = Debug|Any CPU
		{3B56B5E6-4596-4470-AA04-05723D68E6B2}.Debug|Any CPU.Build.0 = Debug|Any CPU
		{3B56B5E6-4596-4470-AA04-05723D68E6B2}.Release|Any CPU.ActiveCfg = Release|Any CPU
		{3B56B5E6-4596-4470-AA04-05723D68E6B2}.Release|Any CPU.Build.0 = Release|Any CPU
		{2CFCC481-7B35-476D-97C5-9620C84085E5}.Debug|Any CPU.ActiveCfg = Debug|Any CPU
		{2CFCC481-7B35-476D-97C5-9620C84085E5}.Debug|Any CPU.Build.0 = Debug|Any CPU
		{2CFCC481-7B35-476D-97C5-9620C84085E5}.Release|Any CPU.ActiveCfg = Release|Any CPU
		{2CFCC481-7B35-476D-97C5-9620C84085E5}.Release|Any CPU.Build.0 = Release|Any CPU
	EndGlobalSection
	GlobalSection(SolutionProperties) = preSolution
		HideSolutionNode = FALSE
	EndGlobalSection
EndGlobal
